
Microsoft Visual Studio Solution File, Format Version 12.00
# Visual Studio Version 16
VisualStudioVersion = 25.0.1706.7
MinimumVisualStudioVersion = 10.0.40219.1
Project("{FAE04EC0-301F-11D3-BF4B-00C04F79EFBC}") = "Lab1", "Lab1.csproj", "{70570755-278F-47CC-998D-9E86923F854E}"
EndProject
Global
	GlobalSection(SolutionConfigurationPlatforms) = preSolution
		Debug|Any CPU = Debug|Any CPU
		Release|Any CPU = Release|Any CPU
	EndGlobalSection
	GlobalSection(ProjectConfigurationPlatforms) = postSolution
		{70570755-278F-47CC-998D-9E86923F854E}.Debug|Any CPU.ActiveCfg = Debug|Any CPU
		{70570755-278F-47CC-998D-9E86923F854E}.Debug|Any CPU.Build.0 = Debug|Any CPU
		{70570755-278F-47CC-998D-9E86923F854E}.Release|Any CPU.ActiveCfg = Release|Any CPU
		{70570755-278F-47CC-998D-9E86923F854E}.Release|Any CPU.Build.0 = Release|Any CPU
	EndGlobalSection
	GlobalSection(SolutionProperties) = preSolution
		HideSolutionNode = FALSE
	EndGlobalSection
	GlobalSection(ExtensibilityGlobals) = postSolution
		SolutionGuid = {48750115-D4D9-4EC5-8A0E-812D74839DF4}
	EndGlobalSection
EndGlobal
