
Microsoft Visual Studio Solution File, Format Version 12.00
# Visual Studio Version 16
VisualStudioVersion = 25.0.1706.14
MinimumVisualStudioVersion = 10.0.40219.1
Project("{FAE04EC0-301F-11D3-BF4B-00C04F79EFBC}") = "Lab2.Tests", "Lab2.Tests.csproj", "{401961F4-A794-45A3-A160-6A1AF47A285F}"
EndProject
Project("{FAE04EC0-301F-11D3-BF4B-00C04F79EFBC}") = "Lab2", "..\Lab2\Lab2.csproj", "{83077BC9-569B-406A-A77D-740CC9A724BB}"
EndProject
Global
	GlobalSection(SolutionConfigurationPlatforms) = preSolution
		Debug|Any CPU = Debug|Any CPU
		Release|Any CPU = Release|Any CPU
	EndGlobalSection
	GlobalSection(ProjectConfigurationPlatforms) = postSolution
		{401961F4-A794-45A3-A160-6A1AF47A285F}.Debug|Any CPU.ActiveCfg = Debug|Any CPU
		{401961F4-A794-45A3-A160-6A1AF47A285F}.Debug|Any CPU.Build.0 = Debug|Any CPU
		{401961F4-A794-45A3-A160-6A1AF47A285F}.Release|Any CPU.ActiveCfg = Release|Any CPU
		{401961F4-A794-45A3-A160-6A1AF47A285F}.Release|Any CPU.Build.0 = Release|Any CPU
		{83077BC9-569B-406A-A77D-740CC9A724BB}.Debug|Any CPU.ActiveCfg = Debug|Any CPU
		{83077BC9-569B-406A-A77D-740CC9A724BB}.Debug|Any CPU.Build.0 = Debug|Any CPU
		{83077BC9-569B-406A-A77D-740CC9A724BB}.Release|Any CPU.ActiveCfg = Release|Any CPU
		{83077BC9-569B-406A-A77D-740CC9A724BB}.Release|Any CPU.Build.0 = Release|Any CPU
	EndGlobalSection
	GlobalSection(SolutionProperties) = preSolution
		HideSolutionNode = FALSE
	EndGlobalSection
	GlobalSection(ExtensibilityGlobals) = postSolution
		SolutionGuid = {2992AB70-61B4-429D-91DA-4383DE8AB9C9}
	EndGlobalSection
EndGlobal
